
Microsoft Visual Studio Solution File, Format Version 12.00
# Visual Studio Version 17
VisualStudioVersion = 17.1.32328.378
MinimumVisualStudioVersion = 10.0.40219.1
Project("{FAE04EC0-301F-11D3-BF4B-00C04F79EFBC}") = "INF154HWAss1Group70", "INF154HWAss1Group70\INF154HWAss1Group70.csproj", "{67A654D0-5FD2-44DC-B6AF-ECE2B6885544}"
EndProject
Global
	GlobalSection(SolutionConfigurationPlatforms) = preSolution
		Debug|Any CPU = Debug|Any CPU
		Release|Any CPU = Release|Any CPU
	EndGlobalSection
	GlobalSection(ProjectConfigurationPlatforms) = postSolution
		{67A654D0-5FD2-44DC-B6AF-ECE2B6885544}.Debug|Any CPU.ActiveCfg = Debug|Any CPU
		{67A654D0-5FD2-44DC-B6AF-ECE2B6885544}.Debug|Any CPU.Build.0 = Debug|Any CPU
		{67A654D0-5FD2-44DC-B6AF-ECE2B6885544}.Release|Any CPU.ActiveCfg = Release|Any CPU
		{67A654D0-5FD2-44DC-B6AF-ECE2B6885544}.Release|Any CPU.Build.0 = Release|Any CPU
	EndGlobalSection
	GlobalSection(SolutionProperties) = preSolution
		HideSolutionNode = FALSE
	EndGlobalSection
	GlobalSection(ExtensibilityGlobals) = postSolution
		SolutionGuid = {D5B7CE81-879B-4407-A7A7-A10692723834}
	EndGlobalSection
EndGlobal
